
Microsoft Visual Studio Solution File, Format Version 12.00
# Visual Studio Version 17
VisualStudioVersion = 17.5.33516.290
MinimumVisualStudioVersion = 10.0.40219.1
Project("{FAE04EC0-301F-11D3-BF4B-00C04F79EFBC}") = "TCQ_DOTNET", "TCQ_DOTNET\TCQ_DOTNET.csproj", "{D9CCDD5A-2B75-4A90-9825-4A5E47A7E03D}"
EndProject
Project("{FAE04EC0-301F-11D3-BF4B-00C04F79EFBC}") = "TCQ_DOTNET.Tests", "TCQ_DOTNET.Tests\TCQ_DOTNET.Tests.csproj", "{CD33F4E6-C8C0-4A0F-9155-A2EE762CE7A6}"
EndProject
Global
	GlobalSection(SolutionConfigurationPlatforms) = preSolution
		Debug|Any CPU = Debug|Any CPU
		Release|Any CPU = Release|Any CPU
	EndGlobalSection
	GlobalSection(ProjectConfigurationPlatforms) = postSolution
		{D9CCDD5A-2B75-4A90-9825-4A5E47A7E03D}.Debug|Any CPU.ActiveCfg = Debug|Any CPU
		{D9CCDD5A-2B75-4A90-9825-4A5E47A7E03D}.Debug|Any CPU.Build.0 = Debug|Any CPU
		{D9CCDD5A-2B75-4A90-9825-4A5E47A7E03D}.Release|Any CPU.ActiveCfg = Release|Any CPU
		{D9CCDD5A-2B75-4A90-9825-4A5E47A7E03D}.Release|Any CPU.Build.0 = Release|Any CPU
		{CD33F4E6-C8C0-4A0F-9155-A2EE762CE7A6}.Debug|Any CPU.ActiveCfg = Debug|Any CPU
		{CD33F4E6-C8C0-4A0F-9155-A2EE762CE7A6}.Debug|Any CPU.Build.0 = Debug|Any CPU
		{CD33F4E6-C8C0-4A0F-9155-A2EE762CE7A6}.Release|Any CPU.ActiveCfg = Release|Any CPU
		{CD33F4E6-C8C0-4A0F-9155-A2EE762CE7A6}.Release|Any CPU.Build.0 = Release|Any CPU
	EndGlobalSection
	GlobalSection(SolutionProperties) = preSolution
		HideSolutionNode = FALSE
	EndGlobalSection
	GlobalSection(ExtensibilityGlobals) = postSolution
		SolutionGuid = {40D37E11-6D5D-468A-9A10-05F6191A1484}
	EndGlobalSection
EndGlobal
